{
	"name": "@valkyr/db",
	"version": "0.0.0",
	"lockfileVersion": 2,
	"requires": true,
	"packages": {
		"": {
			"name": "@valkyr/db",
			"version": "0.0.0",
			"license": "MIT",
			"dependencies": {
				"eventemitter3": "4.0.7",
				"mingo": "5.0.0",
				"nanoid": "3.1.30"
			}
		},
		"node_modules/eventemitter3": {
			"version": "4.0.7",
			"resolved": "https://registry.npmjs.org/eventemitter3/-/eventemitter3-4.0.7.tgz",
			"integrity": "sha512-8guHBZCwKnFhYdHr2ysuRWErTwhoN2X8XELRlrRwpmfeY2jjuUN4taQMsULKUVo1K4DvZl+0pgfyoysHxvmvEw=="
		},
		"node_modules/mingo": {
			"version": "5.0.0",
			"resolved": "https://registry.npmjs.org/mingo/-/mingo-5.0.0.tgz",
			"integrity": "sha512-JTw+s3nO2nebKJRt5rkGs2MLzs+UIL7pqD2fZDHyXPo5IFOs0ANTd6Bqo48/s4lZzQvB554pJ8ti+PG56fK3dQ=="
		},
		"node_modules/nanoid": {
			"version": "3.1.30",
			"resolved": "https://registry.npmjs.org/nanoid/-/nanoid-3.1.30.tgz",
			"integrity": "sha512-zJpuPDwOv8D2zq2WRoMe1HsfZthVewpel9CAvTfc/2mBD1uUT/agc5f7GHGWXlYkFvi1mVxe4IjvP2HNrop7nQ==",
			"bin": {
				"nanoid": "bin/nanoid.cjs"
			},
			"engines": {
				"node": "^10 || ^12 || ^13.7 || ^14 || >=15.0.1"
			}
		}
	},
	"dependencies": {
		"eventemitter3": {
			"version": "4.0.7",
			"resolved": "https://registry.npmjs.org/eventemitter3/-/eventemitter3-4.0.7.tgz",
			"integrity": "sha512-8guHBZCwKnFhYdHr2ysuRWErTwhoN2X8XELRlrRwpmfeY2jjuUN4taQMsULKUVo1K4DvZl+0pgfyoysHxvmvEw=="
		},
		"mingo": {
			"version": "5.0.0",
			"resolved": "https://registry.npmjs.org/mingo/-/mingo-5.0.0.tgz",
			"integrity": "sha512-JTw+s3nO2nebKJRt5rkGs2MLzs+UIL7pqD2fZDHyXPo5IFOs0ANTd6Bqo48/s4lZzQvB554pJ8ti+PG56fK3dQ=="
		},
		"nanoid": {
			"version": "3.1.30",
			"resolved": "https://registry.npmjs.org/nanoid/-/nanoid-3.1.30.tgz",
			"integrity": "sha512-zJpuPDwOv8D2zq2WRoMe1HsfZthVewpel9CAvTfc/2mBD1uUT/agc5f7GHGWXlYkFvi1mVxe4IjvP2HNrop7nQ=="
		}
	}
}
