{
  "name": "@valkyr/docs",
  "lockfileVersion": 2,
  "requires": true,
  "packages": {
    "": {
      "name": "@valkyr/docs",
      "devDependencies": {
        "@birthdayresearch/contented": "1.7.0"
      }
    },
    "../node_modules/.pnpm/@birthdayresearch+contented@1.7.0_typanion@3.9.0/node_modules/@birthdayresearch/contented": {
      "version": "1.7.0",
      "dev": true,
      "dependencies": {
        "@birthdayresearch/contented-processor": "1.7.0",
        "@parcel/watcher": "^2.0.5",
        "clipanion": "3.2.0-rc.12",
        "debounce": "^1.2.1",
        "ignore-walk": "^5.0.1",
        "typescript": "4.7.4"
      },
      "bin": {
        "contented": "cli.js"
      },
      "devDependencies": {
        "@birthdayresearch/jest-preset": "1.7.0",
        "@types/debounce": "^1.2.1",
        "@types/ignore-walk": "^4.0.0"
      }
    },
    "node_modules/@birthdayresearch/contented": {
      "resolved": "../node_modules/.pnpm/@birthdayresearch+contented@1.7.0_typanion@3.9.0/node_modules/@birthdayresearch/contented",
      "link": true
    }
  },
  "dependencies": {
    "@birthdayresearch/contented": {
      "version": "file:../node_modules/.pnpm/@birthdayresearch+contented@1.7.0_typanion@3.9.0/node_modules/@birthdayresearch/contented",
      "requires": {
        "@birthdayresearch/contented-processor": "1.7.0",
        "@birthdayresearch/jest-preset": "1.7.0",
        "@parcel/watcher": "^2.0.5",
        "@types/debounce": "^1.2.1",
        "@types/ignore-walk": "^4.0.0",
        "clipanion": "3.2.0-rc.12",
        "debounce": "^1.2.1",
        "ignore-walk": "^5.0.1",
        "typescript": "4.7.4"
      }
    }
  }
}
